
Microsoft Visual Studio Solution File, Format Version 12.00
# Visual Studio Version 17
VisualStudioVersion = 17.5.33424.131
MinimumVisualStudioVersion = 10.0.40219.1
Project("{FAE04EC0-301F-11D3-BF4B-00C04F79EFBC}") = "27.03hw", "27.03hw\27.03hw.csproj", "{CE869A72-1951-46A0-8B00-74F8F165613A}"
EndProject
Project("{FAE04EC0-301F-11D3-BF4B-00C04F79EFBC}") = "27.03facade", "27.03facade\27.03facade.csproj", "{BAFEB8B9-C9A2-4031-A2EE-AD5A26ABF53D}"
EndProject
Global
	GlobalSection(SolutionConfigurationPlatforms) = preSolution
		Debug|Any CPU = Debug|Any CPU
		Release|Any CPU = Release|Any CPU
	EndGlobalSection
	GlobalSection(ProjectConfigurationPlatforms) = postSolution
		{CE869A72-1951-46A0-8B00-74F8F165613A}.Debug|Any CPU.ActiveCfg = Debug|Any CPU
		{CE869A72-1951-46A0-8B00-74F8F165613A}.Debug|Any CPU.Build.0 = Debug|Any CPU
		{CE869A72-1951-46A0-8B00-74F8F165613A}.Release|Any CPU.ActiveCfg = Release|Any CPU
		{CE869A72-1951-46A0-8B00-74F8F165613A}.Release|Any CPU.Build.0 = Release|Any CPU
		{BAFEB8B9-C9A2-4031-A2EE-AD5A26ABF53D}.Debug|Any CPU.ActiveCfg = Debug|Any CPU
		{BAFEB8B9-C9A2-4031-A2EE-AD5A26ABF53D}.Debug|Any CPU.Build.0 = Debug|Any CPU
		{BAFEB8B9-C9A2-4031-A2EE-AD5A26ABF53D}.Release|Any CPU.ActiveCfg = Release|Any CPU
		{BAFEB8B9-C9A2-4031-A2EE-AD5A26ABF53D}.Release|Any CPU.Build.0 = Release|Any CPU
	EndGlobalSection
	GlobalSection(SolutionProperties) = preSolution
		HideSolutionNode = FALSE
	EndGlobalSection
	GlobalSection(ExtensibilityGlobals) = postSolution
		SolutionGuid = {3D820AF7-977D-4BD7-A96D-100B802B7D6F}
	EndGlobalSection
EndGlobal
